
Microsoft Visual Studio Solution File, Format Version 12.00
# Visual Studio Version 16
VisualStudioVersion = 16.0.31313.79
MinimumVisualStudioVersion = 10.0.40219.1
Project("{FAE04EC0-301F-11D3-BF4B-00C04F79EFBC}") = "ComSvcConfig", "ndp\cdf\src\WCF\Tools\comsvcutil\ComSvcConfig.csproj", "{C43D9B20-8EC5-4E17-8944-6A018ADD4B09}"
EndProject
Project("{FAE04EC0-301F-11D3-BF4B-00C04F79EFBC}") = "mscorlib", "ndp\clr\src\bcl\mscorlib.csproj", "{E0DA26E9-D35F-445C-94FB-58F039F76C3F}"
EndProject
Project("{FAE04EC0-301F-11D3-BF4B-00C04F79EFBC}") = "PresentationBuildTasks", "wpf\src\PresentationBuildTasks.csproj", "{78DC2B01-B5E0-4BF3-93C8-3CC271A948AF}"
EndProject
Project("{FAE04EC0-301F-11D3-BF4B-00C04F79EFBC}") = "PresentationCore", "wpf\src\PresentationCore.csproj", "{9317C4E1-78F9-4DF2-97D5-A61EEA4AA439}"
EndProject
Project("{FAE04EC0-301F-11D3-BF4B-00C04F79EFBC}") = "PresentationFramework", "wpf\PresentationFramework.csproj", "{A5A62F2C-AF36-40F6-A892-2D4CA28C0334}"
EndProject
Project("{FAE04EC0-301F-11D3-BF4B-00C04F79EFBC}") = "PresentationFramework.Aero", "wpf\src\Themes\Aero\PresentationFramework.Aero.csproj", "{17E8D177-1B2B-44BF-A46D-6A14CEB6AA54}"
EndProject
Project("{FAE04EC0-301F-11D3-BF4B-00C04F79EFBC}") = "PresentationFramework.Classic", "wpf\src\Themes\Classic\PresentationFramework.Classic.csproj", "{BC3E3E4A-E9CB-483F-97DA-7DD708CFDF55}"
EndProject
Project("{FAE04EC0-301F-11D3-BF4B-00C04F79EFBC}") = "PresentationFramework.Luna", "wpf\src\Themes\Luna\PresentationFramework.Luna.csproj", "{9746AF7F-F8FE-4D06-A4FF-BC9C53875800}"
EndProject
Project("{FAE04EC0-301F-11D3-BF4B-00C04F79EFBC}") = "PresentationFramework.Royale", "wpf\src\Themes\Royale\PresentationFramework.Royale.csproj", "{101A925D-4DEF-470D-AF68-D8B2DB9CAF1C}"
EndProject
Project("{FAE04EC0-301F-11D3-BF4B-00C04F79EFBC}") = "SMDiagnostics", "ndp\cdf\src\WCF\SMDiagnostics\SMDiagnostics.csproj", "{9C2ADB09-BE9A-4A36-9EF9-777B47C04EC0}"
EndProject
Project("{FAE04EC0-301F-11D3-BF4B-00C04F79EFBC}") = "SMSvcHost", "ndp\cdf\src\WCF\SMSvcHost\SMSvcHost.csproj", "{A76DA907-BDB5-4349-B7CD-07A815184ED7}"
EndProject
Project("{FAE04EC0-301F-11D3-BF4B-00C04F79EFBC}") = "svcutil", "ndp\cdf\src\WCF\Tools\svcutil\svcutil.csproj", "{2453390E-0384-4ED8-AF35-7EE8A5DC5E05}"
EndProject
Project("{FAE04EC0-301F-11D3-BF4B-00C04F79EFBC}") = "System", "ndp\fx\src\System.csproj", "{DB3703CC-A1D5-42B5-892B-85450FF822E0}"
EndProject
Project("{FAE04EC0-301F-11D3-BF4B-00C04F79EFBC}") = "System.Activities", "ndp\cdf\src\NetFx40\System.Activities\System.Activities.csproj", "{396BD008-1016-4F39-9C22-1BB73B0A0319}"
EndProject
Project("{FAE04EC0-301F-11D3-BF4B-00C04F79EFBC}") = "System.Activities.Core.Presentation", "ndp\cdf\src\NetFx40\Tools\System.Activities.Core.Presentation\System.Activities.Core.Presentation.csproj", "{CA1A0A87-2630-428A-9D18-BC224AE5432B}"
EndProject
Project("{FAE04EC0-301F-11D3-BF4B-00C04F79EFBC}") = "System.Activities.DurableInstancing", "ndp\cdf\src\NetFx40\System.Activities.DurableInstancing\System.Activities.DurableInstancing.csproj", "{64659484-DADC-434B-91A0-0D384DE7E119}"
EndProject
Project("{FAE04EC0-301F-11D3-BF4B-00C04F79EFBC}") = "System.Activities.Presentation", "ndp\cdf\src\NetFx40\Tools\System.Activities.Presentation.csproj", "{CFDFAFA1-EE1D-43A3-8B86-1600540F7112}"
EndProject
Project("{FAE04EC0-301F-11D3-BF4B-00C04F79EFBC}") = "System.AddIn", "ndp\fx\src\AddIn\AddIn\System.AddIn.csproj", "{E65ABB14-E325-45D3-BC3B-A7EA816F934C}"
EndProject
Project("{FAE04EC0-301F-11D3-BF4B-00C04F79EFBC}") = "System.AddIn.Contract", "ndp\fx\src\AddIn\Contract\System.AddIn.Contract.csproj", "{23D011D2-9AF2-4953-8FB2-D62B51EA4498}"
EndProject
Project("{FAE04EC0-301F-11D3-BF4B-00C04F79EFBC}") = "System.ComponentModel.DataAnnotations", "ndp\fx\src\xsp\system\DataAnnotations\System.ComponentModel.DataAnnotations.csproj", "{FC04FE14-074C-4994-B9C8-03FEF5E1C380}"
EndProject
Project("{FAE04EC0-301F-11D3-BF4B-00C04F79EFBC}") = "System.Configuration", "ndp\fx\src\Configuration\System.Configuration.csproj", "{3425EA8C-2B8D-4107-B81F-70FEF7C8A773}"
EndProject
Project("{FAE04EC0-301F-11D3-BF4B-00C04F79EFBC}") = "System.Core", "ndp\fx\src\Core\System.Core.csproj", "{D8C59D7F-E786-42F3-BE83-FB8798331C32}"
EndProject
Project("{FAE04EC0-301F-11D3-BF4B-00C04F79EFBC}") = "System.Data", "ndp\fx\src\data\System.Data.csproj", "{870FFE19-F01E-4B2E-96F1-817CF9D7604A}"
EndProject
Project("{FAE04EC0-301F-11D3-BF4B-00C04F79EFBC}") = "System.Data.DataSetExtensions", "ndp\fx\src\DataSet\System.Data.DataSetExtensions.csproj", "{E7BFCDA0-FEB8-43EC-B4DA-F5053FF0EE4A}"
EndProject
Project("{FAE04EC0-301F-11D3-BF4B-00C04F79EFBC}") = "System.Data.Entity", "ndp\fx\src\DataEntity\System.Data.Entity.csproj", "{059B88DA-CE73-4AF9-8680-FB7AB44D06E7}"
EndProject
Project("{FAE04EC0-301F-11D3-BF4B-00C04F79EFBC}") = "System.Data.Entity.Design", "ndp\fx\src\DataEntityDesign\Design\System.Data.Entity.Design.csproj", "{432648A3-8D17-437F-AB33-249C08C9A206}"
EndProject
Project("{FAE04EC0-301F-11D3-BF4B-00C04F79EFBC}") = "System.Data.Linq", "ndp\fx\src\DLinq\Dlinq\System.Data.Linq.csproj", "{DA108998-B81A-477D-A12C-8C645E184C8D}"
EndProject
Project("{FAE04EC0-301F-11D3-BF4B-00C04F79EFBC}") = "System.Data.Services", "ndp\fx\src\DataWeb\Server\System.Data.Services.csproj", "{3B576ADD-8A06-4E93-A4E9-F4E12F91B81D}"
EndProject
Project("{FAE04EC0-301F-11D3-BF4B-00C04F79EFBC}") = "System.Data.Services.Client", "ndp\fx\src\DataWeb\Client\System.Data.Services.Client.csproj", "{A4037700-EC0E-429D-979C-8892385E72D6}"
EndProject
Project("{FAE04EC0-301F-11D3-BF4B-00C04F79EFBC}") = "System.Data.Services.Design", "ndp\fx\src\DataWeb\Design\System.Data.Services.Design.csproj", "{25514E54-5CF1-4645-8872-54FB55A466AE}"
EndProject
Project("{FAE04EC0-301F-11D3-BF4B-00C04F79EFBC}") = "System.Data.SqlXml", "ndp\fx\src\XmlUtils\System.Data.SqlXml.csproj", "{371FA56A-AB6A-4D5B-9717-BCAED10070CC}"
EndProject
Project("{FAE04EC0-301F-11D3-BF4B-00C04F79EFBC}") = "System.Drawing", "ndp\fx\src\System.Drawing.csproj", "{04D8E9C4-93A4-4B67-B9A0-5D7B3A52497C}"
EndProject
Project("{FAE04EC0-301F-11D3-BF4B-00C04F79EFBC}") = "System.IdentityModel", "ndp\cdf\src\WCF\IdentityModel\System.IdentityModel.csproj", "{87A9CC23-8D53-4216-9358-001DF5D69107}"
EndProject
Project("{FAE04EC0-301F-11D3-BF4B-00C04F79EFBC}") = "System.IdentityModel.Selectors", "ndp\cdf\src\WCF\System.IdentityModel.Selectors.csproj", "{F595B8F6-CB18-4938-BC76-6972EB2145E3}"
EndProject
Project("{FAE04EC0-301F-11D3-BF4B-00C04F79EFBC}") = "System.IO.Compression.FileSystem", "ndp\fx\src\System.IO.Compression.FileSystem.csproj", "{378D8970-E212-43E5-A4A0-84BB29DE81B8}"
EndProject
Project("{FAE04EC0-301F-11D3-BF4B-00C04F79EFBC}") = "System.IO.Log", "ndp\cdf\src\NetFx35\System.IO.Log\System.IO.Log.csproj", "{48C255E7-0DCA-418C-A0C6-6F54624E1427}"
EndProject
Project("{FAE04EC0-301F-11D3-BF4B-00C04F79EFBC}") = "System.Management", "ndp\fx\src\wmi\managed\System\Management\System.Management.csproj", "{6916BEBD-8179-4895-B8A5-A9EC1B41347E}"
EndProject
Project("{FAE04EC0-301F-11D3-BF4B-00C04F79EFBC}") = "System.Messaging", "ndp\cdf\src\NetFx20\System.Messaging\System.Messaging.csproj", "{3F150781-03E2-44AB-AB66-1F0F3FE32AD4}"
EndProject
Project("{FAE04EC0-301F-11D3-BF4B-00C04F79EFBC}") = "System.Net", "ndp\fx\src\SystemNet\System.Net.csproj", "{1FC2451E-DB01-473F-B57D-E818970E6841}"
EndProject
Project("{FAE04EC0-301F-11D3-BF4B-00C04F79EFBC}") = "System.Numerics", "ndp\fx\src\Numerics\System.Numerics.csproj", "{8E9CBD78-4690-444A-9A81-0D29C4BB10D5}"
EndProject
Project("{FAE04EC0-301F-11D3-BF4B-00C04F79EFBC}") = "System.Runtime.Caching", "ndp\fx\src\Caching\System.Runtime.Caching.csproj", "{A0D1DC45-B997-4BD7-83D1-1A0D65737FBA}"
EndProject
Project("{FAE04EC0-301F-11D3-BF4B-00C04F79EFBC}") = "System.Runtime.DurableInstancing", "ndp\cdf\src\NetFx40\System.Runtime.DurableInstancing\System.Runtime.DurableInstancing.csproj", "{57CABA1C-5922-45BD-BBD8-CADF6D1363E9}"
EndProject
Project("{FAE04EC0-301F-11D3-BF4B-00C04F79EFBC}") = "System.Runtime.Remoting", "ndp\clr\src\managedlibraries\remoting\System.Runtime.Remoting.csproj", "{A50D39E5-5DF3-412B-9A68-47C4636B98C7}"
EndProject
Project("{FAE04EC0-301F-11D3-BF4B-00C04F79EFBC}") = "System.Runtime.Serialization", "ndp\cdf\src\WCF\Serialization\System.Runtime.Serialization.csproj", "{A91CF4FB-4CCB-48F3-B863-7545161CEB67}"
EndProject
Project("{FAE04EC0-301F-11D3-BF4B-00C04F79EFBC}") = "System.Security", "ndp\clr\src\managedlibraries\security\System.Security.csproj", "{1F945F7E-84FE-4C8F-A50F-8CB742EB7316}"
EndProject
Project("{FAE04EC0-301F-11D3-BF4B-00C04F79EFBC}") = "System.ServiceModel", "ndp\cdf\src\WCF\ServiceModel\System.ServiceModel.csproj", "{B55DA55C-1E63-40AE-9D40-AF9C5E80479C}"
EndProject
Project("{FAE04EC0-301F-11D3-BF4B-00C04F79EFBC}") = "System.ServiceModel.Activation", "ndp\cdf\src\WCF\System.ServiceModel.Activation\System.ServiceModel.Activation.csproj", "{8E3F6253-ECE5-4C11-93F6-5D01C656D615}"
EndProject
Project("{FAE04EC0-301F-11D3-BF4B-00C04F79EFBC}") = "System.ServiceModel.Activities", "ndp\cdf\src\NetFx40\System.ServiceModel.Activities\System.ServiceModel.Activities.csproj", "{0F92BA5C-C68A-4760-9BB1-A5340FF1BB7A}"
EndProject
Project("{FAE04EC0-301F-11D3-BF4B-00C04F79EFBC}") = "System.ServiceModel.Channels", "ndp\cdf\src\NetFx40\System.ServiceModel.Channels\System.ServiceModel.Channels.csproj", "{EE973811-5AA3-45F1-91FF-F3AF69E7AD7C}"
EndProject
Project("{FAE04EC0-301F-11D3-BF4B-00C04F79EFBC}") = "System.ServiceModel.Discovery", "ndp\cdf\src\NetFx40\System.ServiceModel.Discovery\System.ServiceModel.Discovery.csproj", "{107D70E2-B985-491E-8AC1-410ED8A3E22E}"
EndProject
Project("{FAE04EC0-301F-11D3-BF4B-00C04F79EFBC}") = "System.ServiceModel.Internals", "ndp\cdf\src\System.ServiceModel.Internals\System.ServiceModel.Internals.csproj", "{0CB09B20-FE14-4BCB-B7BB-07873142BADF}"
EndProject
Project("{FAE04EC0-301F-11D3-BF4B-00C04F79EFBC}") = "System.ServiceModel.Routing", "ndp\cdf\src\NetFx40\System.ServiceModel.Routing\System.ServiceModel.Routing.csproj", "{773A7221-0C65-453A-BFE6-9572CE2AAB49}"
EndProject
Project("{FAE04EC0-301F-11D3-BF4B-00C04F79EFBC}") = "System.ServiceModel.WasHosting", "ndp\cdf\src\WCF\WasHosting\System.ServiceModel.WasHosting.csproj", "{6E6B90D3-DF4B-452D-95D6-3D27B13575DC}"
EndProject
Project("{FAE04EC0-301F-11D3-BF4B-00C04F79EFBC}") = "System.ServiceModel.Web", "ndp\cdf\src\NetFx35\System.ServiceModel.Web\System.ServiceModel.Web.csproj", "{C31AC1FA-0AF5-4F81-8F12-040049D1390C}"
EndProject
Project("{FAE04EC0-301F-11D3-BF4B-00C04F79EFBC}") = "System.Transactions", "ndp\cdf\src\NetFx20\System.Transactions\System.Transactions.csproj", "{28172BBD-38CF-41A7-95B8-2FB6130D3733}"
EndProject
Project("{FAE04EC0-301F-11D3-BF4B-00C04F79EFBC}") = "System.Web", "ndp\fx\src\xsp\system\Web\System.Web.csproj", "{DC49391D-17B4-49BE-95E5-C3C78D52C872}"
EndProject
Project("{FAE04EC0-301F-11D3-BF4B-00C04F79EFBC}") = "System.Web.ApplicationServices", "ndp\fx\src\xsp\system\ApplicationServices\System.Web.ApplicationServices.csproj", "{1B7B9114-4B27-4A0D-A0C0-450EC2260345}"
EndProject
Project("{FAE04EC0-301F-11D3-BF4B-00C04F79EFBC}") = "System.Web.DataVisualization", "ndp\fx\src\DataVisualization\System.Web.DataVisualization.csproj", "{0785F30D-5E92-49A1-B194-0D3C8CDA6B20}"
EndProject
Project("{FAE04EC0-301F-11D3-BF4B-00C04F79EFBC}") = "System.Web.DynamicData", "ndp\fx\src\xsp\system\DynamicData\System.Web.DynamicData.csproj", "{08F5B97B-8630-4B30-A6B5-28AE1F0B5636}"
EndProject
Project("{FAE04EC0-301F-11D3-BF4B-00C04F79EFBC}") = "System.Web.Entity", "ndp\fx\src\DataWebControls\System.Web.Entity.csproj", "{51B8F0AB-A844-41BB-B659-9D7AFB68D3B7}"
EndProject
Project("{FAE04EC0-301F-11D3-BF4B-00C04F79EFBC}") = "System.Web.Entity.Design", "ndp\fx\src\DataWebControlsDesign\System.Web.Entity.Design.csproj", "{3340D095-1E4E-4A1D-8C47-EC9345704C24}"
EndProject
Project("{FAE04EC0-301F-11D3-BF4B-00C04F79EFBC}") = "System.Web.Extensions", "ndp\fx\src\xsp\system\Extensions\System.Web.Extensions.csproj", "{44730772-10CF-4F67-8D62-EB0166300615}"
EndProject
Project("{FAE04EC0-301F-11D3-BF4B-00C04F79EFBC}") = "System.Web.Mobile", "ndp\fx\src\mit\System\Web\System.Web.Mobile.csproj", "{695A711A-F3BE-4114-B32E-AEFDC39485CB}"
EndProject
Project("{FAE04EC0-301F-11D3-BF4B-00C04F79EFBC}") = "System.Web.Services", "ndp\cdf\src\NetFx20\System.Web.Services\System.Web.Services.csproj", "{8CD8D9F9-4DF2-449D-8280-8F1B307EE840}"
EndProject
Project("{FAE04EC0-301F-11D3-BF4B-00C04F79EFBC}") = "System.Windows.Forms", "ndp\fx\src\System.Windows.Forms.csproj", "{E59C2E2C-BCD1-45CC-B7A2-1BA29AC18E2B}"
EndProject
Project("{FAE04EC0-301F-11D3-BF4B-00C04F79EFBC}") = "System.Windows.Forms.DataVisualization", "ndp\fx\src\DataVisualization\System.Windows.Forms.DataVisualization.csproj", "{6E122298-7C0D-4FBD-8260-B68E8E3B75A9}"
EndProject
Project("{FAE04EC0-301F-11D3-BF4B-00C04F79EFBC}") = "System.Workflow.Activities", "ndp\cdf\src\WF\Activities\System.Workflow.Activities.csproj", "{DBAC711B-00D8-490B-9126-0B2C30237CE1}"
EndProject
Project("{FAE04EC0-301F-11D3-BF4B-00C04F79EFBC}") = "System.Workflow.ComponentModel", "ndp\cdf\src\WF\Common\System.Workflow.ComponentModel.csproj", "{81D2737E-6364-4ECF-A054-AE2912B09DC2}"
EndProject
Project("{FAE04EC0-301F-11D3-BF4B-00C04F79EFBC}") = "System.Workflow.Runtime", "ndp\cdf\src\WF\RunTime\System.Workflow.Runtime.csproj", "{89817CD2-37ED-4EEE-8075-F0F9DD1A0B07}"
EndProject
Project("{FAE04EC0-301F-11D3-BF4B-00C04F79EFBC}") = "System.WorkflowServices", "ndp\cdf\src\NetFx35\System.WorkflowServices\System.WorkflowServices.csproj", "{8F3DD833-B088-40F7-A656-D864D0D7D390}"
EndProject
Project("{FAE04EC0-301F-11D3-BF4B-00C04F79EFBC}") = "System.Xaml.Hosting", "ndp\cdf\src\NetFx40\System.Xaml.Hosting\System.Xaml.Hosting.csproj", "{4B413F68-46FB-4941-BEE6-EB879F2DB30B}"
EndProject
Project("{FAE04EC0-301F-11D3-BF4B-00C04F79EFBC}") = "System.Xml", "ndp\fx\src\Xml\System.Xml.csproj", "{AFD452B2-AB89-40E4-AE83-ADB409DFD32A}"
EndProject
Project("{FAE04EC0-301F-11D3-BF4B-00C04F79EFBC}") = "System.Xml.Linq", "ndp\fx\src\XLinq\System.Xml.Linq.csproj", "{1FC61D91-D43B-4A87-8A9F-0218F150D6C9}"
EndProject
Project("{FAE04EC0-301F-11D3-BF4B-00C04F79EFBC}") = "UIAutomationClient", "wpf\src\UIAutomation\UIAutomationClient\UIAutomationClient.csproj", "{C3431B02-EE60-43CD-9614-C48DE5803866}"
EndProject
Project("{FAE04EC0-301F-11D3-BF4B-00C04F79EFBC}") = "UIAutomationClientsideProviders", "wpf\src\UIAutomation\Win32Providers\UIAutomationClientsideProviders.csproj", "{0A7A4C17-79C4-4502-9A53-B53488071047}"
EndProject
Project("{FAE04EC0-301F-11D3-BF4B-00C04F79EFBC}") = "WindowsBase", "wpf\src\WindowsBase.csproj", "{6469DED3-C78D-4DDB-B75E-29CDC90EAAA9}"
EndProject
Project("{FAE04EC0-301F-11D3-BF4B-00C04F79EFBC}") = "WsatConfig", "ndp\cdf\src\WCF\Tools\WsatConfig\WsatConfig.csproj", "{9F45FF12-D67A-4F87-AEC2-675479FBEBAE}"
EndProject
Project("{FAE04EC0-301F-11D3-BF4B-00C04F79EFBC}") = "WsatUI", "ndp\cdf\src\WCF\Tools\WsatConfig\WsatUI.csproj", "{D4CC9C31-5ABD-47FA-B0D5-5807C5630A47}"
EndProject
Project("{FAE04EC0-301F-11D3-BF4B-00C04F79EFBC}") = "XamlBuildTask", "ndp\cdf\src\NetFx40\XamlBuildTask\XamlBuildTask.csproj", "{20E15959-B01A-456C-8FAB-0B4317D11E17}"
EndProject
Global
	GlobalSection(SolutionConfigurationPlatforms) = preSolution
		Debug|Any CPU = Debug|Any CPU
		Release|Any CPU = Release|Any CPU
	EndGlobalSection
	GlobalSection(ProjectConfigurationPlatforms) = postSolution
		{C43D9B20-8EC5-4E17-8944-6A018ADD4B09}.Debug|Any CPU.ActiveCfg = Debug|Any CPU
		{C43D9B20-8EC5-4E17-8944-6A018ADD4B09}.Debug|Any CPU.Build.0 = Debug|Any CPU
		{C43D9B20-8EC5-4E17-8944-6A018ADD4B09}.Release|Any CPU.ActiveCfg = Release|Any CPU
		{C43D9B20-8EC5-4E17-8944-6A018ADD4B09}.Release|Any CPU.Build.0 = Release|Any CPU
		{E0DA26E9-D35F-445C-94FB-58F039F76C3F}.Debug|Any CPU.ActiveCfg = Debug|Any CPU
		{E0DA26E9-D35F-445C-94FB-58F039F76C3F}.Debug|Any CPU.Build.0 = Debug|Any CPU
		{E0DA26E9-D35F-445C-94FB-58F039F76C3F}.Release|Any CPU.ActiveCfg = Release|Any CPU
		{E0DA26E9-D35F-445C-94FB-58F039F76C3F}.Release|Any CPU.Build.0 = Release|Any CPU
		{78DC2B01-B5E0-4BF3-93C8-3CC271A948AF}.Debug|Any CPU.ActiveCfg = Debug|Any CPU
		{78DC2B01-B5E0-4BF3-93C8-3CC271A948AF}.Debug|Any CPU.Build.0 = Debug|Any CPU
		{78DC2B01-B5E0-4BF3-93C8-3CC271A948AF}.Release|Any CPU.ActiveCfg = Release|Any CPU
		{78DC2B01-B5E0-4BF3-93C8-3CC271A948AF}.Release|Any CPU.Build.0 = Release|Any CPU
		{9317C4E1-78F9-4DF2-97D5-A61EEA4AA439}.Debug|Any CPU.ActiveCfg = Debug|Any CPU
		{9317C4E1-78F9-4DF2-97D5-A61EEA4AA439}.Debug|Any CPU.Build.0 = Debug|Any CPU
		{9317C4E1-78F9-4DF2-97D5-A61EEA4AA439}.Release|Any CPU.ActiveCfg = Release|Any CPU
		{9317C4E1-78F9-4DF2-97D5-A61EEA4AA439}.Release|Any CPU.Build.0 = Release|Any CPU
		{A5A62F2C-AF36-40F6-A892-2D4CA28C0334}.Debug|Any CPU.ActiveCfg = Debug|Any CPU
		{A5A62F2C-AF36-40F6-A892-2D4CA28C0334}.Debug|Any CPU.Build.0 = Debug|Any CPU
		{A5A62F2C-AF36-40F6-A892-2D4CA28C0334}.Release|Any CPU.ActiveCfg = Release|Any CPU
		{A5A62F2C-AF36-40F6-A892-2D4CA28C0334}.Release|Any CPU.Build.0 = Release|Any CPU
		{17E8D177-1B2B-44BF-A46D-6A14CEB6AA54}.Debug|Any CPU.ActiveCfg = Debug|Any CPU
		{17E8D177-1B2B-44BF-A46D-6A14CEB6AA54}.Debug|Any CPU.Build.0 = Debug|Any CPU
		{17E8D177-1B2B-44BF-A46D-6A14CEB6AA54}.Release|Any CPU.ActiveCfg = Release|Any CPU
		{17E8D177-1B2B-44BF-A46D-6A14CEB6AA54}.Release|Any CPU.Build.0 = Release|Any CPU
		{BC3E3E4A-E9CB-483F-97DA-7DD708CFDF55}.Debug|Any CPU.ActiveCfg = Debug|Any CPU
		{BC3E3E4A-E9CB-483F-97DA-7DD708CFDF55}.Debug|Any CPU.Build.0 = Debug|Any CPU
		{BC3E3E4A-E9CB-483F-97DA-7DD708CFDF55}.Release|Any CPU.ActiveCfg = Release|Any CPU
		{BC3E3E4A-E9CB-483F-97DA-7DD708CFDF55}.Release|Any CPU.Build.0 = Release|Any CPU
		{9746AF7F-F8FE-4D06-A4FF-BC9C53875800}.Debug|Any CPU.ActiveCfg = Debug|Any CPU
		{9746AF7F-F8FE-4D06-A4FF-BC9C53875800}.Debug|Any CPU.Build.0 = Debug|Any CPU
		{9746AF7F-F8FE-4D06-A4FF-BC9C53875800}.Release|Any CPU.ActiveCfg = Release|Any CPU
		{9746AF7F-F8FE-4D06-A4FF-BC9C53875800}.Release|Any CPU.Build.0 = Release|Any CPU
		{101A925D-4DEF-470D-AF68-D8B2DB9CAF1C}.Debug|Any CPU.ActiveCfg = Debug|Any CPU
		{101A925D-4DEF-470D-AF68-D8B2DB9CAF1C}.Debug|Any CPU.Build.0 = Debug|Any CPU
		{101A925D-4DEF-470D-AF68-D8B2DB9CAF1C}.Release|Any CPU.ActiveCfg = Release|Any CPU
		{101A925D-4DEF-470D-AF68-D8B2DB9CAF1C}.Release|Any CPU.Build.0 = Release|Any CPU
		{9C2ADB09-BE9A-4A36-9EF9-777B47C04EC0}.Debug|Any CPU.ActiveCfg = Debug|Any CPU
		{9C2ADB09-BE9A-4A36-9EF9-777B47C04EC0}.Debug|Any CPU.Build.0 = Debug|Any CPU
		{9C2ADB09-BE9A-4A36-9EF9-777B47C04EC0}.Release|Any CPU.ActiveCfg = Release|Any CPU
		{9C2ADB09-BE9A-4A36-9EF9-777B47C04EC0}.Release|Any CPU.Build.0 = Release|Any CPU
		{A76DA907-BDB5-4349-B7CD-07A815184ED7}.Debug|Any CPU.ActiveCfg = Debug|Any CPU
		{A76DA907-BDB5-4349-B7CD-07A815184ED7}.Debug|Any CPU.Build.0 = Debug|Any CPU
		{A76DA907-BDB5-4349-B7CD-07A815184ED7}.Release|Any CPU.ActiveCfg = Release|Any CPU
		{A76DA907-BDB5-4349-B7CD-07A815184ED7}.Release|Any CPU.Build.0 = Release|Any CPU
		{2453390E-0384-4ED8-AF35-7EE8A5DC5E05}.Debug|Any CPU.ActiveCfg = Debug|Any CPU
		{2453390E-0384-4ED8-AF35-7EE8A5DC5E05}.Debug|Any CPU.Build.0 = Debug|Any CPU
		{2453390E-0384-4ED8-AF35-7EE8A5DC5E05}.Release|Any CPU.ActiveCfg = Release|Any CPU
		{2453390E-0384-4ED8-AF35-7EE8A5DC5E05}.Release|Any CPU.Build.0 = Release|Any CPU
		{DB3703CC-A1D5-42B5-892B-85450FF822E0}.Debug|Any CPU.ActiveCfg = Debug|Any CPU
		{DB3703CC-A1D5-42B5-892B-85450FF822E0}.Debug|Any CPU.Build.0 = Debug|Any CPU
		{DB3703CC-A1D5-42B5-892B-85450FF822E0}.Release|Any CPU.ActiveCfg = Release|Any CPU
		{DB3703CC-A1D5-42B5-892B-85450FF822E0}.Release|Any CPU.Build.0 = Release|Any CPU
		{396BD008-1016-4F39-9C22-1BB73B0A0319}.Debug|Any CPU.ActiveCfg = Debug|Any CPU
		{396BD008-1016-4F39-9C22-1BB73B0A0319}.Debug|Any CPU.Build.0 = Debug|Any CPU
		{396BD008-1016-4F39-9C22-1BB73B0A0319}.Release|Any CPU.ActiveCfg = Release|Any CPU
		{396BD008-1016-4F39-9C22-1BB73B0A0319}.Release|Any CPU.Build.0 = Release|Any CPU
		{CA1A0A87-2630-428A-9D18-BC224AE5432B}.Debug|Any CPU.ActiveCfg = Debug|Any CPU
		{CA1A0A87-2630-428A-9D18-BC224AE5432B}.Debug|Any CPU.Build.0 = Debug|Any CPU
		{CA1A0A87-2630-428A-9D18-BC224AE5432B}.Release|Any CPU.ActiveCfg = Release|Any CPU
		{CA1A0A87-2630-428A-9D18-BC224AE5432B}.Release|Any CPU.Build.0 = Release|Any CPU
		{64659484-DADC-434B-91A0-0D384DE7E119}.Debug|Any CPU.ActiveCfg = Debug|Any CPU
		{64659484-DADC-434B-91A0-0D384DE7E119}.Debug|Any CPU.Build.0 = Debug|Any CPU
		{64659484-DADC-434B-91A0-0D384DE7E119}.Release|Any CPU.ActiveCfg = Release|Any CPU
		{64659484-DADC-434B-91A0-0D384DE7E119}.Release|Any CPU.Build.0 = Release|Any CPU
		{CFDFAFA1-EE1D-43A3-8B86-1600540F7112}.Debug|Any CPU.ActiveCfg = Debug|Any CPU
		{CFDFAFA1-EE1D-43A3-8B86-1600540F7112}.Debug|Any CPU.Build.0 = Debug|Any CPU
		{CFDFAFA1-EE1D-43A3-8B86-1600540F7112}.Release|Any CPU.ActiveCfg = Release|Any CPU
		{CFDFAFA1-EE1D-43A3-8B86-1600540F7112}.Release|Any CPU.Build.0 = Release|Any CPU
		{E65ABB14-E325-45D3-BC3B-A7EA816F934C}.Debug|Any CPU.ActiveCfg = Debug|Any CPU
		{E65ABB14-E325-45D3-BC3B-A7EA816F934C}.Debug|Any CPU.Build.0 = Debug|Any CPU
		{E65ABB14-E325-45D3-BC3B-A7EA816F934C}.Release|Any CPU.ActiveCfg = Release|Any CPU
		{E65ABB14-E325-45D3-BC3B-A7EA816F934C}.Release|Any CPU.Build.0 = Release|Any CPU
		{23D011D2-9AF2-4953-8FB2-D62B51EA4498}.Debug|Any CPU.ActiveCfg = Debug|Any CPU
		{23D011D2-9AF2-4953-8FB2-D62B51EA4498}.Debug|Any CPU.Build.0 = Debug|Any CPU
		{23D011D2-9AF2-4953-8FB2-D62B51EA4498}.Release|Any CPU.ActiveCfg = Release|Any CPU
		{23D011D2-9AF2-4953-8FB2-D62B51EA4498}.Release|Any CPU.Build.0 = Release|Any CPU
		{FC04FE14-074C-4994-B9C8-03FEF5E1C380}.Debug|Any CPU.ActiveCfg = Debug|Any CPU
		{FC04FE14-074C-4994-B9C8-03FEF5E1C380}.Debug|Any CPU.Build.0 = Debug|Any CPU
		{FC04FE14-074C-4994-B9C8-03FEF5E1C380}.Release|Any CPU.ActiveCfg = Release|Any CPU
		{FC04FE14-074C-4994-B9C8-03FEF5E1C380}.Release|Any CPU.Build.0 = Release|Any CPU
		{3425EA8C-2B8D-4107-B81F-70FEF7C8A773}.Debug|Any CPU.ActiveCfg = Debug|Any CPU
		{3425EA8C-2B8D-4107-B81F-70FEF7C8A773}.Debug|Any CPU.Build.0 = Debug|Any CPU
		{3425EA8C-2B8D-4107-B81F-70FEF7C8A773}.Release|Any CPU.ActiveCfg = Release|Any CPU
		{3425EA8C-2B8D-4107-B81F-70FEF7C8A773}.Release|Any CPU.Build.0 = Release|Any CPU
		{D8C59D7F-E786-42F3-BE83-FB8798331C32}.Debug|Any CPU.ActiveCfg = Debug|Any CPU
		{D8C59D7F-E786-42F3-BE83-FB8798331C32}.Debug|Any CPU.Build.0 = Debug|Any CPU
		{D8C59D7F-E786-42F3-BE83-FB8798331C32}.Release|Any CPU.ActiveCfg = Release|Any CPU
		{D8C59D7F-E786-42F3-BE83-FB8798331C32}.Release|Any CPU.Build.0 = Release|Any CPU
		{870FFE19-F01E-4B2E-96F1-817CF9D7604A}.Debug|Any CPU.ActiveCfg = Debug|Any CPU
		{870FFE19-F01E-4B2E-96F1-817CF9D7604A}.Debug|Any CPU.Build.0 = Debug|Any CPU
		{870FFE19-F01E-4B2E-96F1-817CF9D7604A}.Release|Any CPU.ActiveCfg = Release|Any CPU
		{870FFE19-F01E-4B2E-96F1-817CF9D7604A}.Release|Any CPU.Build.0 = Release|Any CPU
		{E7BFCDA0-FEB8-43EC-B4DA-F5053FF0EE4A}.Debug|Any CPU.ActiveCfg = Debug|Any CPU
		{E7BFCDA0-FEB8-43EC-B4DA-F5053FF0EE4A}.Debug|Any CPU.Build.0 = Debug|Any CPU
		{E7BFCDA0-FEB8-43EC-B4DA-F5053FF0EE4A}.Release|Any CPU.ActiveCfg = Release|Any CPU
		{E7BFCDA0-FEB8-43EC-B4DA-F5053FF0EE4A}.Release|Any CPU.Build.0 = Release|Any CPU
		{059B88DA-CE73-4AF9-8680-FB7AB44D06E7}.Debug|Any CPU.ActiveCfg = Debug|Any CPU
		{059B88DA-CE73-4AF9-8680-FB7AB44D06E7}.Debug|Any CPU.Build.0 = Debug|Any CPU
		{059B88DA-CE73-4AF9-8680-FB7AB44D06E7}.Release|Any CPU.ActiveCfg = Release|Any CPU
		{059B88DA-CE73-4AF9-8680-FB7AB44D06E7}.Release|Any CPU.Build.0 = Release|Any CPU
		{432648A3-8D17-437F-AB33-249C08C9A206}.Debug|Any CPU.ActiveCfg = Debug|Any CPU
		{432648A3-8D17-437F-AB33-249C08C9A206}.Debug|Any CPU.Build.0 = Debug|Any CPU
		{432648A3-8D17-437F-AB33-249C08C9A206}.Release|Any CPU.ActiveCfg = Release|Any CPU
		{432648A3-8D17-437F-AB33-249C08C9A206}.Release|Any CPU.Build.0 = Release|Any CPU
		{DA108998-B81A-477D-A12C-8C645E184C8D}.Debug|Any CPU.ActiveCfg = Debug|Any CPU
		{DA108998-B81A-477D-A12C-8C645E184C8D}.Debug|Any CPU.Build.0 = Debug|Any CPU
		{DA108998-B81A-477D-A12C-8C645E184C8D}.Release|Any CPU.ActiveCfg = Release|Any CPU
		{DA108998-B81A-477D-A12C-8C645E184C8D}.Release|Any CPU.Build.0 = Release|Any CPU
		{3B576ADD-8A06-4E93-A4E9-F4E12F91B81D}.Debug|Any CPU.ActiveCfg = Debug|Any CPU
		{3B576ADD-8A06-4E93-A4E9-F4E12F91B81D}.Debug|Any CPU.Build.0 = Debug|Any CPU
		{3B576ADD-8A06-4E93-A4E9-F4E12F91B81D}.Release|Any CPU.ActiveCfg = Release|Any CPU
		{3B576ADD-8A06-4E93-A4E9-F4E12F91B81D}.Release|Any CPU.Build.0 = Release|Any CPU
		{A4037700-EC0E-429D-979C-8892385E72D6}.Debug|Any CPU.ActiveCfg = Debug|Any CPU
		{A4037700-EC0E-429D-979C-8892385E72D6}.Debug|Any CPU.Build.0 = Debug|Any CPU
		{A4037700-EC0E-429D-979C-8892385E72D6}.Release|Any CPU.ActiveCfg = Release|Any CPU
		{A4037700-EC0E-429D-979C-8892385E72D6}.Release|Any CPU.Build.0 = Release|Any CPU
		{25514E54-5CF1-4645-8872-54FB55A466AE}.Debug|Any CPU.ActiveCfg = Debug|Any CPU
		{25514E54-5CF1-4645-8872-54FB55A466AE}.Debug|Any CPU.Build.0 = Debug|Any CPU
		{25514E54-5CF1-4645-8872-54FB55A466AE}.Release|Any CPU.ActiveCfg = Release|Any CPU
		{25514E54-5CF1-4645-8872-54FB55A466AE}.Release|Any CPU.Build.0 = Release|Any CPU
		{371FA56A-AB6A-4D5B-9717-BCAED10070CC}.Debug|Any CPU.ActiveCfg = Debug|Any CPU
		{371FA56A-AB6A-4D5B-9717-BCAED10070CC}.Debug|Any CPU.Build.0 = Debug|Any CPU
		{371FA56A-AB6A-4D5B-9717-BCAED10070CC}.Release|Any CPU.ActiveCfg = Release|Any CPU
		{371FA56A-AB6A-4D5B-9717-BCAED10070CC}.Release|Any CPU.Build.0 = Release|Any CPU
		{04D8E9C4-93A4-4B67-B9A0-5D7B3A52497C}.Debug|Any CPU.ActiveCfg = Debug|Any CPU
		{04D8E9C4-93A4-4B67-B9A0-5D7B3A52497C}.Debug|Any CPU.Build.0 = Debug|Any CPU
		{04D8E9C4-93A4-4B67-B9A0-5D7B3A52497C}.Release|Any CPU.ActiveCfg = Release|Any CPU
		{04D8E9C4-93A4-4B67-B9A0-5D7B3A52497C}.Release|Any CPU.Build.0 = Release|Any CPU
		{87A9CC23-8D53-4216-9358-001DF5D69107}.Debug|Any CPU.ActiveCfg = Debug|Any CPU
		{87A9CC23-8D53-4216-9358-001DF5D69107}.Debug|Any CPU.Build.0 = Debug|Any CPU
		{87A9CC23-8D53-4216-9358-001DF5D69107}.Release|Any CPU.ActiveCfg = Release|Any CPU
		{87A9CC23-8D53-4216-9358-001DF5D69107}.Release|Any CPU.Build.0 = Release|Any CPU
		{F595B8F6-CB18-4938-BC76-6972EB2145E3}.Debug|Any CPU.ActiveCfg = Debug|Any CPU
		{F595B8F6-CB18-4938-BC76-6972EB2145E3}.Debug|Any CPU.Build.0 = Debug|Any CPU
		{F595B8F6-CB18-4938-BC76-6972EB2145E3}.Release|Any CPU.ActiveCfg = Release|Any CPU
		{F595B8F6-CB18-4938-BC76-6972EB2145E3}.Release|Any CPU.Build.0 = Release|Any CPU
		{378D8970-E212-43E5-A4A0-84BB29DE81B8}.Debug|Any CPU.ActiveCfg = Debug|Any CPU
		{378D8970-E212-43E5-A4A0-84BB29DE81B8}.Debug|Any CPU.Build.0 = Debug|Any CPU
		{378D8970-E212-43E5-A4A0-84BB29DE81B8}.Release|Any CPU.ActiveCfg = Release|Any CPU
		{378D8970-E212-43E5-A4A0-84BB29DE81B8}.Release|Any CPU.Build.0 = Release|Any CPU
		{48C255E7-0DCA-418C-A0C6-6F54624E1427}.Debug|Any CPU.ActiveCfg = Debug|Any CPU
		{48C255E7-0DCA-418C-A0C6-6F54624E1427}.Debug|Any CPU.Build.0 = Debug|Any CPU
		{48C255E7-0DCA-418C-A0C6-6F54624E1427}.Release|Any CPU.ActiveCfg = Release|Any CPU
		{48C255E7-0DCA-418C-A0C6-6F54624E1427}.Release|Any CPU.Build.0 = Release|Any CPU
		{6916BEBD-8179-4895-B8A5-A9EC1B41347E}.Debug|Any CPU.ActiveCfg = Debug|Any CPU
		{6916BEBD-8179-4895-B8A5-A9EC1B41347E}.Debug|Any CPU.Build.0 = Debug|Any CPU
		{6916BEBD-8179-4895-B8A5-A9EC1B41347E}.Release|Any CPU.ActiveCfg = Release|Any CPU
		{6916BEBD-8179-4895-B8A5-A9EC1B41347E}.Release|Any CPU.Build.0 = Release|Any CPU
		{3F150781-03E2-44AB-AB66-1F0F3FE32AD4}.Debug|Any CPU.ActiveCfg = Debug|Any CPU
		{3F150781-03E2-44AB-AB66-1F0F3FE32AD4}.Debug|Any CPU.Build.0 = Debug|Any CPU
		{3F150781-03E2-44AB-AB66-1F0F3FE32AD4}.Release|Any CPU.ActiveCfg = Release|Any CPU
		{3F150781-03E2-44AB-AB66-1F0F3FE32AD4}.Release|Any CPU.Build.0 = Release|Any CPU
		{1FC2451E-DB01-473F-B57D-E818970E6841}.Debug|Any CPU.ActiveCfg = Debug|Any CPU
		{1FC2451E-DB01-473F-B57D-E818970E6841}.Debug|Any CPU.Build.0 = Debug|Any CPU
		{1FC2451E-DB01-473F-B57D-E818970E6841}.Release|Any CPU.ActiveCfg = Release|Any CPU
		{1FC2451E-DB01-473F-B57D-E818970E6841}.Release|Any CPU.Build.0 = Release|Any CPU
		{8E9CBD78-4690-444A-9A81-0D29C4BB10D5}.Debug|Any CPU.ActiveCfg = Debug|Any CPU
		{8E9CBD78-4690-444A-9A81-0D29C4BB10D5}.Debug|Any CPU.Build.0 = Debug|Any CPU
		{8E9CBD78-4690-444A-9A81-0D29C4BB10D5}.Release|Any CPU.ActiveCfg = Release|Any CPU
		{8E9CBD78-4690-444A-9A81-0D29C4BB10D5}.Release|Any CPU.Build.0 = Release|Any CPU
		{A0D1DC45-B997-4BD7-83D1-1A0D65737FBA}.Debug|Any CPU.ActiveCfg = Debug|Any CPU
		{A0D1DC45-B997-4BD7-83D1-1A0D65737FBA}.Debug|Any CPU.Build.0 = Debug|Any CPU
		{A0D1DC45-B997-4BD7-83D1-1A0D65737FBA}.Release|Any CPU.ActiveCfg = Release|Any CPU
		{A0D1DC45-B997-4BD7-83D1-1A0D65737FBA}.Release|Any CPU.Build.0 = Release|Any CPU
		{57CABA1C-5922-45BD-BBD8-CADF6D1363E9}.Debug|Any CPU.ActiveCfg = Debug|Any CPU
		{57CABA1C-5922-45BD-BBD8-CADF6D1363E9}.Debug|Any CPU.Build.0 = Debug|Any CPU
		{57CABA1C-5922-45BD-BBD8-CADF6D1363E9}.Release|Any CPU.ActiveCfg = Release|Any CPU
		{57CABA1C-5922-45BD-BBD8-CADF6D1363E9}.Release|Any CPU.Build.0 = Release|Any CPU
		{A50D39E5-5DF3-412B-9A68-47C4636B98C7}.Debug|Any CPU.ActiveCfg = Debug|Any CPU
		{A50D39E5-5DF3-412B-9A68-47C4636B98C7}.Debug|Any CPU.Build.0 = Debug|Any CPU
		{A50D39E5-5DF3-412B-9A68-47C4636B98C7}.Release|Any CPU.ActiveCfg = Release|Any CPU
		{A50D39E5-5DF3-412B-9A68-47C4636B98C7}.Release|Any CPU.Build.0 = Release|Any CPU
		{A91CF4FB-4CCB-48F3-B863-7545161CEB67}.Debug|Any CPU.ActiveCfg = Debug|Any CPU
		{A91CF4FB-4CCB-48F3-B863-7545161CEB67}.Debug|Any CPU.Build.0 = Debug|Any CPU
		{A91CF4FB-4CCB-48F3-B863-7545161CEB67}.Release|Any CPU.ActiveCfg = Release|Any CPU
		{A91CF4FB-4CCB-48F3-B863-7545161CEB67}.Release|Any CPU.Build.0 = Release|Any CPU
		{1F945F7E-84FE-4C8F-A50F-8CB742EB7316}.Debug|Any CPU.ActiveCfg = Debug|Any CPU
		{1F945F7E-84FE-4C8F-A50F-8CB742EB7316}.Debug|Any CPU.Build.0 = Debug|Any CPU
		{1F945F7E-84FE-4C8F-A50F-8CB742EB7316}.Release|Any CPU.ActiveCfg = Release|Any CPU
		{1F945F7E-84FE-4C8F-A50F-8CB742EB7316}.Release|Any CPU.Build.0 = Release|Any CPU
		{B55DA55C-1E63-40AE-9D40-AF9C5E80479C}.Debug|Any CPU.ActiveCfg = Debug|Any CPU
		{B55DA55C-1E63-40AE-9D40-AF9C5E80479C}.Debug|Any CPU.Build.0 = Debug|Any CPU
		{B55DA55C-1E63-40AE-9D40-AF9C5E80479C}.Release|Any CPU.ActiveCfg = Release|Any CPU
		{B55DA55C-1E63-40AE-9D40-AF9C5E80479C}.Release|Any CPU.Build.0 = Release|Any CPU
		{8E3F6253-ECE5-4C11-93F6-5D01C656D615}.Debug|Any CPU.ActiveCfg = Debug|Any CPU
		{8E3F6253-ECE5-4C11-93F6-5D01C656D615}.Debug|Any CPU.Build.0 = Debug|Any CPU
		{8E3F6253-ECE5-4C11-93F6-5D01C656D615}.Release|Any CPU.ActiveCfg = Release|Any CPU
		{8E3F6253-ECE5-4C11-93F6-5D01C656D615}.Release|Any CPU.Build.0 = Release|Any CPU
		{0F92BA5C-C68A-4760-9BB1-A5340FF1BB7A}.Debug|Any CPU.ActiveCfg = Debug|Any CPU
		{0F92BA5C-C68A-4760-9BB1-A5340FF1BB7A}.Debug|Any CPU.Build.0 = Debug|Any CPU
		{0F92BA5C-C68A-4760-9BB1-A5340FF1BB7A}.Release|Any CPU.ActiveCfg = Release|Any CPU
		{0F92BA5C-C68A-4760-9BB1-A5340FF1BB7A}.Release|Any CPU.Build.0 = Release|Any CPU
		{EE973811-5AA3-45F1-91FF-F3AF69E7AD7C}.Debug|Any CPU.ActiveCfg = Debug|Any CPU
		{EE973811-5AA3-45F1-91FF-F3AF69E7AD7C}.Debug|Any CPU.Build.0 = Debug|Any CPU
		{EE973811-5AA3-45F1-91FF-F3AF69E7AD7C}.Release|Any CPU.ActiveCfg = Release|Any CPU
		{EE973811-5AA3-45F1-91FF-F3AF69E7AD7C}.Release|Any CPU.Build.0 = Release|Any CPU
		{107D70E2-B985-491E-8AC1-410ED8A3E22E}.Debug|Any CPU.ActiveCfg = Debug|Any CPU
		{107D70E2-B985-491E-8AC1-410ED8A3E22E}.Debug|Any CPU.Build.0 = Debug|Any CPU
		{107D70E2-B985-491E-8AC1-410ED8A3E22E}.Release|Any CPU.ActiveCfg = Release|Any CPU
		{107D70E2-B985-491E-8AC1-410ED8A3E22E}.Release|Any CPU.Build.0 = Release|Any CPU
		{0CB09B20-FE14-4BCB-B7BB-07873142BADF}.Debug|Any CPU.ActiveCfg = Debug|Any CPU
		{0CB09B20-FE14-4BCB-B7BB-07873142BADF}.Debug|Any CPU.Build.0 = Debug|Any CPU
		{0CB09B20-FE14-4BCB-B7BB-07873142BADF}.Release|Any CPU.ActiveCfg = Release|Any CPU
		{0CB09B20-FE14-4BCB-B7BB-07873142BADF}.Release|Any CPU.Build.0 = Release|Any CPU
		{773A7221-0C65-453A-BFE6-9572CE2AAB49}.Debug|Any CPU.ActiveCfg = Debug|Any CPU
		{773A7221-0C65-453A-BFE6-9572CE2AAB49}.Debug|Any CPU.Build.0 = Debug|Any CPU
		{773A7221-0C65-453A-BFE6-9572CE2AAB49}.Release|Any CPU.ActiveCfg = Release|Any CPU
		{773A7221-0C65-453A-BFE6-9572CE2AAB49}.Release|Any CPU.Build.0 = Release|Any CPU
		{6E6B90D3-DF4B-452D-95D6-3D27B13575DC}.Debug|Any CPU.ActiveCfg = Debug|Any CPU
		{6E6B90D3-DF4B-452D-95D6-3D27B13575DC}.Debug|Any CPU.Build.0 = Debug|Any CPU
		{6E6B90D3-DF4B-452D-95D6-3D27B13575DC}.Release|Any CPU.ActiveCfg = Release|Any CPU
		{6E6B90D3-DF4B-452D-95D6-3D27B13575DC}.Release|Any CPU.Build.0 = Release|Any CPU
		{C31AC1FA-0AF5-4F81-8F12-040049D1390C}.Debug|Any CPU.ActiveCfg = Debug|Any CPU
		{C31AC1FA-0AF5-4F81-8F12-040049D1390C}.Debug|Any CPU.Build.0 = Debug|Any CPU
		{C31AC1FA-0AF5-4F81-8F12-040049D1390C}.Release|Any CPU.ActiveCfg = Release|Any CPU
		{C31AC1FA-0AF5-4F81-8F12-040049D1390C}.Release|Any CPU.Build.0 = Release|Any CPU
		{28172BBD-38CF-41A7-95B8-2FB6130D3733}.Debug|Any CPU.ActiveCfg = Debug|Any CPU
		{28172BBD-38CF-41A7-95B8-2FB6130D3733}.Debug|Any CPU.Build.0 = Debug|Any CPU
		{28172BBD-38CF-41A7-95B8-2FB6130D3733}.Release|Any CPU.ActiveCfg = Release|Any CPU
		{28172BBD-38CF-41A7-95B8-2FB6130D3733}.Release|Any CPU.Build.0 = Release|Any CPU
		{DC49391D-17B4-49BE-95E5-C3C78D52C872}.Debug|Any CPU.ActiveCfg = Debug|Any CPU
		{DC49391D-17B4-49BE-95E5-C3C78D52C872}.Debug|Any CPU.Build.0 = Debug|Any CPU
		{DC49391D-17B4-49BE-95E5-C3C78D52C872}.Release|Any CPU.ActiveCfg = Release|Any CPU
		{DC49391D-17B4-49BE-95E5-C3C78D52C872}.Release|Any CPU.Build.0 = Release|Any CPU
		{1B7B9114-4B27-4A0D-A0C0-450EC2260345}.Debug|Any CPU.ActiveCfg = Debug|Any CPU
		{1B7B9114-4B27-4A0D-A0C0-450EC2260345}.Debug|Any CPU.Build.0 = Debug|Any CPU
		{1B7B9114-4B27-4A0D-A0C0-450EC2260345}.Release|Any CPU.ActiveCfg = Release|Any CPU
		{1B7B9114-4B27-4A0D-A0C0-450EC2260345}.Release|Any CPU.Build.0 = Release|Any CPU
		{0785F30D-5E92-49A1-B194-0D3C8CDA6B20}.Debug|Any CPU.ActiveCfg = Debug|Any CPU
		{0785F30D-5E92-49A1-B194-0D3C8CDA6B20}.Debug|Any CPU.Build.0 = Debug|Any CPU
		{0785F30D-5E92-49A1-B194-0D3C8CDA6B20}.Release|Any CPU.ActiveCfg = Release|Any CPU
		{0785F30D-5E92-49A1-B194-0D3C8CDA6B20}.Release|Any CPU.Build.0 = Release|Any CPU
		{08F5B97B-8630-4B30-A6B5-28AE1F0B5636}.Debug|Any CPU.ActiveCfg = Debug|Any CPU
		{08F5B97B-8630-4B30-A6B5-28AE1F0B5636}.Debug|Any CPU.Build.0 = Debug|Any CPU
		{08F5B97B-8630-4B30-A6B5-28AE1F0B5636}.Release|Any CPU.ActiveCfg = Release|Any CPU
		{08F5B97B-8630-4B30-A6B5-28AE1F0B5636}.Release|Any CPU.Build.0 = Release|Any CPU
		{51B8F0AB-A844-41BB-B659-9D7AFB68D3B7}.Debug|Any CPU.ActiveCfg = Debug|Any CPU
		{51B8F0AB-A844-41BB-B659-9D7AFB68D3B7}.Debug|Any CPU.Build.0 = Debug|Any CPU
		{51B8F0AB-A844-41BB-B659-9D7AFB68D3B7}.Release|Any CPU.ActiveCfg = Release|Any CPU
		{51B8F0AB-A844-41BB-B659-9D7AFB68D3B7}.Release|Any CPU.Build.0 = Release|Any CPU
		{3340D095-1E4E-4A1D-8C47-EC9345704C24}.Debug|Any CPU.ActiveCfg = Debug|Any CPU
		{3340D095-1E4E-4A1D-8C47-EC9345704C24}.Debug|Any CPU.Build.0 = Debug|Any CPU
		{3340D095-1E4E-4A1D-8C47-EC9345704C24}.Release|Any CPU.ActiveCfg = Release|Any CPU
		{3340D095-1E4E-4A1D-8C47-EC9345704C24}.Release|Any CPU.Build.0 = Release|Any CPU
		{44730772-10CF-4F67-8D62-EB0166300615}.Debug|Any CPU.ActiveCfg = Debug|Any CPU
		{44730772-10CF-4F67-8D62-EB0166300615}.Debug|Any CPU.Build.0 = Debug|Any CPU
		{44730772-10CF-4F67-8D62-EB0166300615}.Release|Any CPU.ActiveCfg = Release|Any CPU
		{44730772-10CF-4F67-8D62-EB0166300615}.Release|Any CPU.Build.0 = Release|Any CPU
		{695A711A-F3BE-4114-B32E-AEFDC39485CB}.Debug|Any CPU.ActiveCfg = Debug|Any CPU
		{695A711A-F3BE-4114-B32E-AEFDC39485CB}.Debug|Any CPU.Build.0 = Debug|Any CPU
		{695A711A-F3BE-4114-B32E-AEFDC39485CB}.Release|Any CPU.ActiveCfg = Release|Any CPU
		{695A711A-F3BE-4114-B32E-AEFDC39485CB}.Release|Any CPU.Build.0 = Release|Any CPU
		{8CD8D9F9-4DF2-449D-8280-8F1B307EE840}.Debug|Any CPU.ActiveCfg = Debug|Any CPU
		{8CD8D9F9-4DF2-449D-8280-8F1B307EE840}.Debug|Any CPU.Build.0 = Debug|Any CPU
		{8CD8D9F9-4DF2-449D-8280-8F1B307EE840}.Release|Any CPU.ActiveCfg = Release|Any CPU
		{8CD8D9F9-4DF2-449D-8280-8F1B307EE840}.Release|Any CPU.Build.0 = Release|Any CPU
		{E59C2E2C-BCD1-45CC-B7A2-1BA29AC18E2B}.Debug|Any CPU.ActiveCfg = Debug|Any CPU
		{E59C2E2C-BCD1-45CC-B7A2-1BA29AC18E2B}.Debug|Any CPU.Build.0 = Debug|Any CPU
		{E59C2E2C-BCD1-45CC-B7A2-1BA29AC18E2B}.Release|Any CPU.ActiveCfg = Release|Any CPU
		{E59C2E2C-BCD1-45CC-B7A2-1BA29AC18E2B}.Release|Any CPU.Build.0 = Release|Any CPU
		{6E122298-7C0D-4FBD-8260-B68E8E3B75A9}.Debug|Any CPU.ActiveCfg = Debug|Any CPU
		{6E122298-7C0D-4FBD-8260-B68E8E3B75A9}.Debug|Any CPU.Build.0 = Debug|Any CPU
		{6E122298-7C0D-4FBD-8260-B68E8E3B75A9}.Release|Any CPU.ActiveCfg = Release|Any CPU
		{6E122298-7C0D-4FBD-8260-B68E8E3B75A9}.Release|Any CPU.Build.0 = Release|Any CPU
		{DBAC711B-00D8-490B-9126-0B2C30237CE1}.Debug|Any CPU.ActiveCfg = Debug|Any CPU
		{DBAC711B-00D8-490B-9126-0B2C30237CE1}.Debug|Any CPU.Build.0 = Debug|Any CPU
		{DBAC711B-00D8-490B-9126-0B2C30237CE1}.Release|Any CPU.ActiveCfg = Release|Any CPU
		{DBAC711B-00D8-490B-9126-0B2C30237CE1}.Release|Any CPU.Build.0 = Release|Any CPU
		{81D2737E-6364-4ECF-A054-AE2912B09DC2}.Debug|Any CPU.ActiveCfg = Debug|Any CPU
		{81D2737E-6364-4ECF-A054-AE2912B09DC2}.Debug|Any CPU.Build.0 = Debug|Any CPU
		{81D2737E-6364-4ECF-A054-AE2912B09DC2}.Release|Any CPU.ActiveCfg = Release|Any CPU
		{81D2737E-6364-4ECF-A054-AE2912B09DC2}.Release|Any CPU.Build.0 = Release|Any CPU
		{89817CD2-37ED-4EEE-8075-F0F9DD1A0B07}.Debug|Any CPU.ActiveCfg = Debug|Any CPU
		{89817CD2-37ED-4EEE-8075-F0F9DD1A0B07}.Debug|Any CPU.Build.0 = Debug|Any CPU
		{89817CD2-37ED-4EEE-8075-F0F9DD1A0B07}.Release|Any CPU.ActiveCfg = Release|Any CPU
		{89817CD2-37ED-4EEE-8075-F0F9DD1A0B07}.Release|Any CPU.Build.0 = Release|Any CPU
		{8F3DD833-B088-40F7-A656-D864D0D7D390}.Debug|Any CPU.ActiveCfg = Debug|Any CPU
		{8F3DD833-B088-40F7-A656-D864D0D7D390}.Debug|Any CPU.Build.0 = Debug|Any CPU
		{8F3DD833-B088-40F7-A656-D864D0D7D390}.Release|Any CPU.ActiveCfg = Release|Any CPU
		{8F3DD833-B088-40F7-A656-D864D0D7D390}.Release|Any CPU.Build.0 = Release|Any CPU
		{4B413F68-46FB-4941-BEE6-EB879F2DB30B}.Debug|Any CPU.ActiveCfg = Debug|Any CPU
		{4B413F68-46FB-4941-BEE6-EB879F2DB30B}.Debug|Any CPU.Build.0 = Debug|Any CPU
		{4B413F68-46FB-4941-BEE6-EB879F2DB30B}.Release|Any CPU.ActiveCfg = Release|Any CPU
		{4B413F68-46FB-4941-BEE6-EB879F2DB30B}.Release|Any CPU.Build.0 = Release|Any CPU
		{AFD452B2-AB89-40E4-AE83-ADB409DFD32A}.Debug|Any CPU.ActiveCfg = Debug|Any CPU
		{AFD452B2-AB89-40E4-AE83-ADB409DFD32A}.Debug|Any CPU.Build.0 = Debug|Any CPU
		{AFD452B2-AB89-40E4-AE83-ADB409DFD32A}.Release|Any CPU.ActiveCfg = Release|Any CPU
		{AFD452B2-AB89-40E4-AE83-ADB409DFD32A}.Release|Any CPU.Build.0 = Release|Any CPU
		{1FC61D91-D43B-4A87-8A9F-0218F150D6C9}.Debug|Any CPU.ActiveCfg = Debug|Any CPU
		{1FC61D91-D43B-4A87-8A9F-0218F150D6C9}.Debug|Any CPU.Build.0 = Debug|Any CPU
		{1FC61D91-D43B-4A87-8A9F-0218F150D6C9}.Release|Any CPU.ActiveCfg = Release|Any CPU
		{1FC61D91-D43B-4A87-8A9F-0218F150D6C9}.Release|Any CPU.Build.0 = Release|Any CPU
		{C3431B02-EE60-43CD-9614-C48DE5803866}.Debug|Any CPU.ActiveCfg = Debug|Any CPU
		{C3431B02-EE60-43CD-9614-C48DE5803866}.Debug|Any CPU.Build.0 = Debug|Any CPU
		{C3431B02-EE60-43CD-9614-C48DE5803866}.Release|Any CPU.ActiveCfg = Release|Any CPU
		{C3431B02-EE60-43CD-9614-C48DE5803866}.Release|Any CPU.Build.0 = Release|Any CPU
		{0A7A4C17-79C4-4502-9A53-B53488071047}.Debug|Any CPU.ActiveCfg = Debug|Any CPU
		{0A7A4C17-79C4-4502-9A53-B53488071047}.Debug|Any CPU.Build.0 = Debug|Any CPU
		{0A7A4C17-79C4-4502-9A53-B53488071047}.Release|Any CPU.ActiveCfg = Release|Any CPU
		{0A7A4C17-79C4-4502-9A53-B53488071047}.Release|Any CPU.Build.0 = Release|Any CPU
		{6469DED3-C78D-4DDB-B75E-29CDC90EAAA9}.Debug|Any CPU.ActiveCfg = Debug|Any CPU
		{6469DED3-C78D-4DDB-B75E-29CDC90EAAA9}.Debug|Any CPU.Build.0 = Debug|Any CPU
		{6469DED3-C78D-4DDB-B75E-29CDC90EAAA9}.Release|Any CPU.ActiveCfg = Release|Any CPU
		{6469DED3-C78D-4DDB-B75E-29CDC90EAAA9}.Release|Any CPU.Build.0 = Release|Any CPU
		{9F45FF12-D67A-4F87-AEC2-675479FBEBAE}.Debug|Any CPU.ActiveCfg = Debug|Any CPU
		{9F45FF12-D67A-4F87-AEC2-675479FBEBAE}.Debug|Any CPU.Build.0 = Debug|Any CPU
		{9F45FF12-D67A-4F87-AEC2-675479FBEBAE}.Release|Any CPU.ActiveCfg = Release|Any CPU
		{9F45FF12-D67A-4F87-AEC2-675479FBEBAE}.Release|Any CPU.Build.0 = Release|Any CPU
		{D4CC9C31-5ABD-47FA-B0D5-5807C5630A47}.Debug|Any CPU.ActiveCfg = Debug|Any CPU
		{D4CC9C31-5ABD-47FA-B0D5-5807C5630A47}.Debug|Any CPU.Build.0 = Debug|Any CPU
		{D4CC9C31-5ABD-47FA-B0D5-5807C5630A47}.Release|Any CPU.ActiveCfg = Release|Any CPU
		{D4CC9C31-5ABD-47FA-B0D5-5807C5630A47}.Release|Any CPU.Build.0 = Release|Any CPU
		{20E15959-B01A-456C-8FAB-0B4317D11E17}.Debug|Any CPU.ActiveCfg = Debug|Any CPU
		{20E15959-B01A-456C-8FAB-0B4317D11E17}.Debug|Any CPU.Build.0 = Debug|Any CPU
		{20E15959-B01A-456C-8FAB-0B4317D11E17}.Release|Any CPU.ActiveCfg = Release|Any CPU
		{20E15959-B01A-456C-8FAB-0B4317D11E17}.Release|Any CPU.Build.0 = Release|Any CPU
	EndGlobalSection
	GlobalSection(SolutionProperties) = preSolution
		HideSolutionNode = FALSE
	EndGlobalSection
	GlobalSection(ExtensibilityGlobals) = postSolution
		SolutionGuid = {C74967E3-021B-4185-9160-C8DB6DE956A7}
	EndGlobalSection
EndGlobal
